
Microsoft Visual Studio Solution File, Format Version 12.00
# Visual Studio Version 16
VisualStudioVersion = 16.0.29905.134
MinimumVisualStudioVersion = 10.0.40219.1
Project("{FAE04EC0-301F-11D3-BF4B-00C04F79EFBC}") = "ProjectEuler", "ProjectEuler.csproj", "{8522C3F5-4327-4632-A849-BE4F7EFE9517}"
EndProject
Project("{FAE04EC0-301F-11D3-BF4B-00C04F79EFBC}") = "UnitTestProjectEuler", "..\UnitTestProjectEuler\UnitTestProjectEuler.csproj", "{BA37ECBA-A778-4FD0-BA34-B0BB263C1095}"
EndProject
Global
	GlobalSection(SolutionConfigurationPlatforms) = preSolution
		Debug|Any CPU = Debug|Any CPU
		Release|Any CPU = Release|Any CPU
	EndGlobalSection
	GlobalSection(ProjectConfigurationPlatforms) = postSolution
		{8522C3F5-4327-4632-A849-BE4F7EFE9517}.Debug|Any CPU.ActiveCfg = Debug|Any CPU
		{8522C3F5-4327-4632-A849-BE4F7EFE9517}.Debug|Any CPU.Build.0 = Debug|Any CPU
		{8522C3F5-4327-4632-A849-BE4F7EFE9517}.Release|Any CPU.ActiveCfg = Release|Any CPU
		{8522C3F5-4327-4632-A849-BE4F7EFE9517}.Release|Any CPU.Build.0 = Release|Any CPU
		{BA37ECBA-A778-4FD0-BA34-B0BB263C1095}.Debug|Any CPU.ActiveCfg = Debug|Any CPU
		{BA37ECBA-A778-4FD0-BA34-B0BB263C1095}.Debug|Any CPU.Build.0 = Debug|Any CPU
		{BA37ECBA-A778-4FD0-BA34-B0BB263C1095}.Release|Any CPU.ActiveCfg = Release|Any CPU
		{BA37ECBA-A778-4FD0-BA34-B0BB263C1095}.Release|Any CPU.Build.0 = Release|Any CPU
	EndGlobalSection
	GlobalSection(SolutionProperties) = preSolution
		HideSolutionNode = FALSE
	EndGlobalSection
	GlobalSection(ExtensibilityGlobals) = postSolution
		SolutionGuid = {E6F9EB70-7B16-4634-9239-CC29BD402F8B}
	EndGlobalSection
EndGlobal
